
Microsoft Visual Studio Solution File, Format Version 12.00
# Visual Studio Version 16
VisualStudioVersion = 16.0.29418.71
MinimumVisualStudioVersion = 10.0.40219.1
Project("{FAE04EC0-301F-11D3-BF4B-00C04F79EFBC}") = "ShiftLogDisplayApp", "ShiftLogDisplayApp\ShiftLogDisplayApp.csproj", "{B4839921-4631-4339-85D8-0C062EB95287}"
EndProject
Global
	GlobalSection(SolutionConfigurationPlatforms) = preSolution
		Debug|Any CPU = Debug|Any CPU
		Release|Any CPU = Release|Any CPU
	EndGlobalSection
	GlobalSection(ProjectConfigurationPlatforms) = postSolution
		{B4839921-4631-4339-85D8-0C062EB95287}.Debug|Any CPU.ActiveCfg = Debug|Any CPU
		{B4839921-4631-4339-85D8-0C062EB95287}.Debug|Any CPU.Build.0 = Debug|Any CPU
		{B4839921-4631-4339-85D8-0C062EB95287}.Release|Any CPU.ActiveCfg = Release|Any CPU
		{B4839921-4631-4339-85D8-0C062EB95287}.Release|Any CPU.Build.0 = Release|Any CPU
	EndGlobalSection
	GlobalSection(SolutionProperties) = preSolution
		HideSolutionNode = FALSE
	EndGlobalSection
	GlobalSection(ExtensibilityGlobals) = postSolution
		SolutionGuid = {1771AC36-21AD-4B08-9683-01117E2A4C85}
	EndGlobalSection
EndGlobal
